
Microsoft Visual Studio Solution File, Format Version 12.00
# Visual Studio Version 17
VisualStudioVersion = 17.8.34330.188
MinimumVisualStudioVersion = 10.0.40219.1
Project("{FAE04EC0-301F-11D3-BF4B-00C04F79EFBC}") = "UnittestMoq", "UnittestMoq\UnittestMoq.csproj", "{6C503A6B-ED2F-4BB4-A078-B4B93ED55B39}"
EndProject
Project("{FAE04EC0-301F-11D3-BF4B-00C04F79EFBC}") = "UnitTestMoq.Tests", "UnitTestMoq.Tests\UnitTestMoq.Tests.csproj", "{18EE41DE-0A69-43B5-98C8-56B70F8DB700}"
EndProject
Global
	GlobalSection(SolutionConfigurationPlatforms) = preSolution
		Debug|Any CPU = Debug|Any CPU
		Release|Any CPU = Release|Any CPU
	EndGlobalSection
	GlobalSection(ProjectConfigurationPlatforms) = postSolution
		{6C503A6B-ED2F-4BB4-A078-B4B93ED55B39}.Debug|Any CPU.ActiveCfg = Debug|Any CPU
		{6C503A6B-ED2F-4BB4-A078-B4B93ED55B39}.Debug|Any CPU.Build.0 = Debug|Any CPU
		{6C503A6B-ED2F-4BB4-A078-B4B93ED55B39}.Release|Any CPU.ActiveCfg = Release|Any CPU
		{6C503A6B-ED2F-4BB4-A078-B4B93ED55B39}.Release|Any CPU.Build.0 = Release|Any CPU
		{18EE41DE-0A69-43B5-98C8-56B70F8DB700}.Debug|Any CPU.ActiveCfg = Debug|Any CPU
		{18EE41DE-0A69-43B5-98C8-56B70F8DB700}.Debug|Any CPU.Build.0 = Debug|Any CPU
		{18EE41DE-0A69-43B5-98C8-56B70F8DB700}.Release|Any CPU.ActiveCfg = Release|Any CPU
		{18EE41DE-0A69-43B5-98C8-56B70F8DB700}.Release|Any CPU.Build.0 = Release|Any CPU
	EndGlobalSection
	GlobalSection(SolutionProperties) = preSolution
		HideSolutionNode = FALSE
	EndGlobalSection
	GlobalSection(ExtensibilityGlobals) = postSolution
		SolutionGuid = {A0D924E5-7C4E-4FEE-9F78-466023ACF393}
	EndGlobalSection
EndGlobal
